
Microsoft Visual Studio Solution File, Format Version 12.00
# Visual Studio 15
VisualStudioVersion = 15.0.28307.106
MinimumVisualStudioVersion = 10.0.40219.1
Project("{FAE04EC0-301F-11D3-BF4B-00C04F79EFBC}") = "CheckoutAuthCodeGrant", "CheckoutAuthCodeGrant\CheckoutAuthCodeGrant.csproj", "{1972A1B9-470D-4799-B35D-885CAE4F9970}"
EndProject
Global
	GlobalSection(SolutionConfigurationPlatforms) = preSolution
		Debug|Any CPU = Debug|Any CPU
		Release|Any CPU = Release|Any CPU
	EndGlobalSection
	GlobalSection(ProjectConfigurationPlatforms) = postSolution
		{1972A1B9-470D-4799-B35D-885CAE4F9970}.Debug|Any CPU.ActiveCfg = Debug|Any CPU
		{1972A1B9-470D-4799-B35D-885CAE4F9970}.Debug|Any CPU.Build.0 = Debug|Any CPU
		{1972A1B9-470D-4799-B35D-885CAE4F9970}.Release|Any CPU.ActiveCfg = Release|Any CPU
		{1972A1B9-470D-4799-B35D-885CAE4F9970}.Release|Any CPU.Build.0 = Release|Any CPU
	EndGlobalSection
	GlobalSection(SolutionProperties) = preSolution
		HideSolutionNode = FALSE
	EndGlobalSection
	GlobalSection(ExtensibilityGlobals) = postSolution
		SolutionGuid = {643A7AF8-4FC5-4959-8732-8A2120C293E0}
	EndGlobalSection
EndGlobal
